timestamp_utc: 2026-09-15T14:03:30Z
lane: I
thread_purpose: no-Git/v0 preservation classifier for four v0 projects; reconcile captured metadata, provenance, uniqueness and preservation gaps without duplicating Lane D pagination
status: ACTIVE
rules:
  - no deep deployment pagination owned by Lane D
  - classify only preserved evidence and unique non-pagination surfaces
  - zero deletions
  - zero secret values
  - zero Vercel mutations
