createdAtUtc: 2026-09-15T18:09:21Z
protocol: PANTAVION_10_THREAD_PARALLEL_ABSORPTION_20260915
thread: 9
scope: SUPABASE_DURABLE_WORKER_PLANE
status: ACTIVE
exclusive: true
rules: ZERO_DELETIONS; NO_DESTRUCTIVE_VERCEL_MUTATIONS; NO_SECRET_VALUES; EXTEND_EXISTING_DURABLE_FABRIC_ONLY; IDEMPOTENT_TASK_KEYS; ATOMIC_CLAIMS; LEASES_FENCING; RETRY_POLICY; EXPLICIT_FAILURE_STATE; NO_DOUBLE_OWNERSHIP; PRESERVE_RLS_SECURITY; PROVENANCE_REQUIRED
