createdAtUtc: 2026-09-15T18:08:59Z
protocol: PANTAVION_10_THREAD_PARALLEL_ABSORPTION_20260915
thread: 8
scope: GITHUB_EVIDENCE_DURABILITY
status: ACTIVE
exclusive: true
rules: ZERO_DELETIONS; NO_DESTRUCTIVE_VERCEL_MUTATIONS; NO_SECRET_VALUES; GITHUB_NOT_PRIMARY_HIGH_THROUGHPUT_DB; PRESERVE_MANIFESTS_RECEIPTS_CHECKSUMS_EVIDENCE_POINTERS_SNAPSHOTS_AUDIT_REPORTS_CODE_TESTS_WORKFLOW_EVIDENCE; NO_DUPLICATE_RAW_PAYLOADS; PROVENANCE_REQUIRED; APPEND_PRESERVE_FIRST
