timestamp_utc: 2026-09-15T18:04:00Z
protocol: PANTAVION_10_THREAD_PARALLEL_ABSORPTION_2026-09-15
thread: 1
scope: VERCEL_UNIVERSAL_INTAKE
status: ACTIVE
rules:
  - ZERO_DELETIONS
  - ZERO_DESTRUCTIVE_VERCEL_MUTATIONS
  - DEDUP_PROJECT_DEPLOYMENT_BY_PROJECTID_DEPLOYMENTID
  - NEVER_REPAGE_TERMINAL_HISTORY_WITHOUT_CONTRADICTORY_EVIDENCE
  - PRESERVE_UNKNOWN_AS_UNKNOWN
