createdAtUtc: 2026-09-15T18:08:00Z
protocol: PANTAVION_10_THREAD_PARALLEL_ABSORPTION_20260915
thread: 6
scope: AI_AGENT_WORK_QUEUE_EXECUTION_PREPARATION
status: ACTIVE
exclusive: true
rules: IMMUTABLE_PROVENANCE; CANONICAL_ID_REQUIRED; NO_DEPLOY_RELEASE; IDEMPOTENT_WORK_UNITS; NO_SCOPE_OVERLAP; ZERO_DELETIONS; NO_SECRET_VALUES
