createdAtUtc: 2026-09-15T18:08:30Z
protocol: PANTAVION_10_THREAD_PARALLEL_ABSORPTION_20260915
thread: 7
scope: GLOBAL_DEDUP_RECONCILIATION_COMPLETENESS_AUDIT
status: ACTIVE
exclusive: true
rules: AUDIT_ONLY; ZERO_DELETIONS; NO_INGESTION; NO_SILENT_REWRITE_OF_OWNED_SHARDS; PROJECTID_DEPLOYMENTID_DEDUP; PROVENANCE_REQUIRED; EXPLICIT_RECONCILIATION_FINDINGS; NO_SECRET_VALUES
