timestamp_utc: 2026-09-15T18:07:15Z
protocol: PANTAVION_10_THREAD_PARALLEL_ABSORPTION_2026-09-15
thread: 5
scope: MODULE_KNOWLEDGE_GRAPH_ROUTING
status: ACTIVE
rules:
  - ZERO_DELETIONS
  - ROUTING_ONLY
  - ONE_CANONICAL_IDENTITY_MULTIPLE_GRAPH_RELATIONSHIPS_ALLOWED
  - DO_NOT_DUPLICATE_UNDERLYING_RECORD
  - PRESERVE_IMMUTABLE_PROVENANCE
  - GOVERNED_HOLD_OR_QUARANTINE_WHERE_APPLICABLE
