timestamp_utc: 2026-09-15T18:05:30Z
protocol: PANTAVION_10_THREAD_PARALLEL_ABSORPTION_2026-09-15
thread: 2
scope: CANONICAL_WORKERS_F01_F05_BUCKETS_0_4
status: ACTIVE
bucket_rule: hash(stableRecordKey) mod 10 in {0,1,2,3,4}
rules:
  - ZERO_DELETIONS
  - IDEMPOTENT_DEDUP
  - IMMUTABLE_PROVENANCE
  - NO_BUCKETS_5_9
  - NEVER_COUNT_CANONICAL_BEFORE_DURABLE_WRITE
